
Microsoft Visual Studio Solution File, Format Version 12.00
# Visual Studio Version 16
VisualStudioVersion = 16.0.30804.86
MinimumVisualStudioVersion = 10.0.40219.1
Project("{8BC9CEB8-8B4A-11D0-8D11-00A0C91BC942}") = "C++_2021_01_18_1", "C++_2021_01_18_1.vcxproj", "{DD4689A8-C4B3-44E4-9036-275C6155F88C}"
EndProject
Global
	GlobalSection(SolutionConfigurationPlatforms) = preSolution
		Debug|x64 = Debug|x64
		Debug|x86 = Debug|x86
		Release|x64 = Release|x64
		Release|x86 = Release|x86
	EndGlobalSection
	GlobalSection(ProjectConfigurationPlatforms) = postSolution
		{DD4689A8-C4B3-44E4-9036-275C6155F88C}.Debug|x64.ActiveCfg = Debug|x64
		{DD4689A8-C4B3-44E4-9036-275C6155F88C}.Debug|x64.Build.0 = Debug|x64
		{DD4689A8-C4B3-44E4-9036-275C6155F88C}.Debug|x86.ActiveCfg = Debug|Win32
		{DD4689A8-C4B3-44E4-9036-275C6155F88C}.Debug|x86.Build.0 = Debug|Win32
		{DD4689A8-C4B3-44E4-9036-275C6155F88C}.Release|x64.ActiveCfg = Release|x64
		{DD4689A8-C4B3-44E4-9036-275C6155F88C}.Release|x64.Build.0 = Release|x64
		{DD4689A8-C4B3-44E4-9036-275C6155F88C}.Release|x86.ActiveCfg = Release|Win32
		{DD4689A8-C4B3-44E4-9036-275C6155F88C}.Release|x86.Build.0 = Release|Win32
	EndGlobalSection
	GlobalSection(SolutionProperties) = preSolution
		HideSolutionNode = FALSE
	EndGlobalSection
	GlobalSection(ExtensibilityGlobals) = postSolution
		SolutionGuid = {38D8D3DE-41B0-4817-9F39-344BB0FEB102}
	EndGlobalSection
EndGlobal
