
Microsoft Visual Studio Solution File, Format Version 12.00
# Visual Studio Version 16
VisualStudioVersion = 16.0.30804.86
MinimumVisualStudioVersion = 10.0.40219.1
Project("{8BC9CEB8-8B4A-11D0-8D11-00A0C91BC942}") = "C++_2021_01_04_3_실습2", "C++_2021_01_04_3_실습2.vcxproj", "{9688DC07-471F-4C6A-8C9E-EDBC172A48BB}"
EndProject
Global
	GlobalSection(SolutionConfigurationPlatforms) = preSolution
		Debug|x64 = Debug|x64
		Debug|x86 = Debug|x86
		Release|x64 = Release|x64
		Release|x86 = Release|x86
	EndGlobalSection
	GlobalSection(ProjectConfigurationPlatforms) = postSolution
		{9688DC07-471F-4C6A-8C9E-EDBC172A48BB}.Debug|x64.ActiveCfg = Debug|x64
		{9688DC07-471F-4C6A-8C9E-EDBC172A48BB}.Debug|x64.Build.0 = Debug|x64
		{9688DC07-471F-4C6A-8C9E-EDBC172A48BB}.Debug|x86.ActiveCfg = Debug|Win32
		{9688DC07-471F-4C6A-8C9E-EDBC172A48BB}.Debug|x86.Build.0 = Debug|Win32
		{9688DC07-471F-4C6A-8C9E-EDBC172A48BB}.Release|x64.ActiveCfg = Release|x64
		{9688DC07-471F-4C6A-8C9E-EDBC172A48BB}.Release|x64.Build.0 = Release|x64
		{9688DC07-471F-4C6A-8C9E-EDBC172A48BB}.Release|x86.ActiveCfg = Release|Win32
		{9688DC07-471F-4C6A-8C9E-EDBC172A48BB}.Release|x86.Build.0 = Release|Win32
	EndGlobalSection
	GlobalSection(SolutionProperties) = preSolution
		HideSolutionNode = FALSE
	EndGlobalSection
	GlobalSection(ExtensibilityGlobals) = postSolution
		SolutionGuid = {87D6EB59-C508-4FA9-9BC5-107FD24FE3CD}
	EndGlobalSection
EndGlobal
