
Microsoft Visual Studio Solution File, Format Version 12.00
# Visual Studio Version 16
VisualStudioVersion = 16.0.30804.86
MinimumVisualStudioVersion = 10.0.40219.1
Project("{8BC9CEB8-8B4A-11D0-8D11-00A0C91BC942}") = "C++_2021_01_04_2_실습4", "C++_2021_01_04_2_실습4.vcxproj", "{C0DEBAEA-E167-41C5-84CB-49C5FC631EEB}"
EndProject
Global
	GlobalSection(SolutionConfigurationPlatforms) = preSolution
		Debug|x64 = Debug|x64
		Debug|x86 = Debug|x86
		Release|x64 = Release|x64
		Release|x86 = Release|x86
	EndGlobalSection
	GlobalSection(ProjectConfigurationPlatforms) = postSolution
		{C0DEBAEA-E167-41C5-84CB-49C5FC631EEB}.Debug|x64.ActiveCfg = Debug|x64
		{C0DEBAEA-E167-41C5-84CB-49C5FC631EEB}.Debug|x64.Build.0 = Debug|x64
		{C0DEBAEA-E167-41C5-84CB-49C5FC631EEB}.Debug|x86.ActiveCfg = Debug|Win32
		{C0DEBAEA-E167-41C5-84CB-49C5FC631EEB}.Debug|x86.Build.0 = Debug|Win32
		{C0DEBAEA-E167-41C5-84CB-49C5FC631EEB}.Release|x64.ActiveCfg = Release|x64
		{C0DEBAEA-E167-41C5-84CB-49C5FC631EEB}.Release|x64.Build.0 = Release|x64
		{C0DEBAEA-E167-41C5-84CB-49C5FC631EEB}.Release|x86.ActiveCfg = Release|Win32
		{C0DEBAEA-E167-41C5-84CB-49C5FC631EEB}.Release|x86.Build.0 = Release|Win32
	EndGlobalSection
	GlobalSection(SolutionProperties) = preSolution
		HideSolutionNode = FALSE
	EndGlobalSection
	GlobalSection(ExtensibilityGlobals) = postSolution
		SolutionGuid = {69ABA2C4-3A31-46C4-B0A6-7DBC13CD595B}
	EndGlobalSection
EndGlobal
