
Microsoft Visual Studio Solution File, Format Version 12.00
# Visual Studio Version 16
VisualStudioVersion = 16.0.30804.86
MinimumVisualStudioVersion = 10.0.40219.1
Project("{8BC9CEB8-8B4A-11D0-8D11-00A0C91BC942}") = "C++_2021_01_13_1_실습1", "C++_2021_01_13_1_실습1.vcxproj", "{CFC54CA4-A936-4E51-9FFA-96B8CF325033}"
EndProject
Global
	GlobalSection(SolutionConfigurationPlatforms) = preSolution
		Debug|x64 = Debug|x64
		Debug|x86 = Debug|x86
		Release|x64 = Release|x64
		Release|x86 = Release|x86
	EndGlobalSection
	GlobalSection(ProjectConfigurationPlatforms) = postSolution
		{CFC54CA4-A936-4E51-9FFA-96B8CF325033}.Debug|x64.ActiveCfg = Debug|x64
		{CFC54CA4-A936-4E51-9FFA-96B8CF325033}.Debug|x64.Build.0 = Debug|x64
		{CFC54CA4-A936-4E51-9FFA-96B8CF325033}.Debug|x86.ActiveCfg = Debug|Win32
		{CFC54CA4-A936-4E51-9FFA-96B8CF325033}.Debug|x86.Build.0 = Debug|Win32
		{CFC54CA4-A936-4E51-9FFA-96B8CF325033}.Release|x64.ActiveCfg = Release|x64
		{CFC54CA4-A936-4E51-9FFA-96B8CF325033}.Release|x64.Build.0 = Release|x64
		{CFC54CA4-A936-4E51-9FFA-96B8CF325033}.Release|x86.ActiveCfg = Release|Win32
		{CFC54CA4-A936-4E51-9FFA-96B8CF325033}.Release|x86.Build.0 = Release|Win32
	EndGlobalSection
	GlobalSection(SolutionProperties) = preSolution
		HideSolutionNode = FALSE
	EndGlobalSection
	GlobalSection(ExtensibilityGlobals) = postSolution
		SolutionGuid = {AFE57EC7-DE76-4353-8D7D-EE10414E81B2}
	EndGlobalSection
EndGlobal
